// !$*UTF8*$!
{
	archiveVersion = 1;
	classes = {
	};
	objectVersion = 56;
	objects = {

/* Begin PBXBuildFile section */
		5C7DADB22BA5BD9D00D00E68 /* AppDelegate.swift in Sources */ = {isa = PBXBuildFile; fileRef = 5C7DADB12BA5BD9D00D00E68 /* AppDelegate.swift */; };
		5C7DADB42BA5BD9D00D00E68 /* SceneDelegate.swift in Sources */ = {isa = PBXBuildFile; fileRef = 5C7DADB32BA5BD9D00D00E68 /* SceneDelegate.swift */; };
		5C7DADB62BA5BD9D00D00E68 /* HomeViewController.swift in Sources */ = {isa = PBXBuildFile; fileRef = 5C7DADB52BA5BD9D00D00E68 /* HomeViewController.swift */; };
		5C7DADB92BA5BD9D00D00E68 /* Main.storyboard in Resources */ = {isa = PBXBuildFile; fileRef = 5C7DADB72BA5BD9D00D00E68 /* Main.storyboard */; };
		5C7DADBB2BA5BD9F00D00E68 /* Assets.xcassets in Resources */ = {isa = PBXBuildFile; fileRef = 5C7DADBA2BA5BD9F00D00E68 /* Assets.xcassets */; };
		5C7DADBE2BA5BD9F00D00E68 /* LaunchScreen.storyboard in Resources */ = {isa = PBXBuildFile; fileRef = 5C7DADBC2BA5BD9F00D00E68 /* LaunchScreen.storyboard */; };
		5C7DADC92BA5BDA000D00E68 /* PhonePeTestTests.swift in Sources */ = {isa = PBXBuildFile; fileRef = 5C7DADC82BA5BDA000D00E68 /* PhonePeTestTests.swift */; };
		5C7DADD32BA5BDA000D00E68 /* PhonePeTestUITests.swift in Sources */ = {isa = PBXBuildFile; fileRef = 5C7DADD22BA5BDA000D00E68 /* PhonePeTestUITests.swift */; };
		5C7DADD52BA5BDA000D00E68 /* PhonePeTestUITestsLaunchTests.swift in Sources */ = {isa = PBXBuildFile; fileRef = 5C7DADD42BA5BDA000D00E68 /* PhonePeTestUITestsLaunchTests.swift */; };
		5C7DADE82BA5BECE00D00E68 /* Stats.swift in Sources */ = {isa = PBXBuildFile; fileRef = 5C7DADE22BA5BECD00D00E68 /* Stats.swift */; };
		5C7DADE92BA5BECE00D00E68 /* Meta.swift in Sources */ = {isa = PBXBuildFile; fileRef = 5C7DADE32BA5BECD00D00E68 /* Meta.swift */; };
		5C7DADEA2BA5BECE00D00E68 /* Location.swift in Sources */ = {isa = PBXBuildFile; fileRef = 5C7DADE42BA5BECE00D00E68 /* Location.swift */; };
		5C7DADEB2BA5BECE00D00E68 /* Geolocation.swift in Sources */ = {isa = PBXBuildFile; fileRef = 5C7DADE52BA5BECE00D00E68 /* Geolocation.swift */; };
		5C7DADEC2BA5BECE00D00E68 /* NearbyHomeResponse.swift in Sources */ = {isa = PBXBuildFile; fileRef = 5C7DADE62BA5BECE00D00E68 /* NearbyHomeResponse.swift */; };
		5C7DADED2BA5BECE00D00E68 /* Venues.swift in Sources */ = {isa = PBXBuildFile; fileRef = 5C7DADE72BA5BECE00D00E68 /* Venues.swift */; };
		5C7DADEF2BA5BFC300D00E68 /* APIService.swift in Sources */ = {isa = PBXBuildFile; fileRef = 5C7DADEE2BA5BFC300D00E68 /* APIService.swift */; };
		5C7DADF32BA5C2DB00D00E68 /* APIConstants.swift in Sources */ = {isa = PBXBuildFile; fileRef = 5C7DADF22BA5C2DB00D00E68 /* APIConstants.swift */; };
		5C7DADF72BA5C6EA00D00E68 /* LoaderView.swift in Sources */ = {isa = PBXBuildFile; fileRef = 5C7DADF62BA5C6EA00D00E68 /* LoaderView.swift */; };
		5C7DADFA2BA5C81E00D00E68 /* SnapKit in Frameworks */ = {isa = PBXBuildFile; productRef = 5C7DADF92BA5C81E00D00E68 /* SnapKit */; };
/* End PBXBuildFile section */

/* Begin PBXContainerItemProxy section */
		5C7DADC52BA5BDA000D00E68 /* PBXContainerItemProxy */ = {
			isa = PBXContainerItemProxy;
			containerPortal = 5C7DADA62BA5BD9D00D00E68 /* Project object */;
			proxyType = 1;
			remoteGlobalIDString = 5C7DADAD2BA5BD9D00D00E68;
			remoteInfo = PhonePeTest;
		};
		5C7DADCF2BA5BDA000D00E68 /* PBXContainerItemProxy */ = {
			isa = PBXContainerItemProxy;
			containerPortal = 5C7DADA62BA5BD9D00D00E68 /* Project object */;
			proxyType = 1;
			remoteGlobalIDString = 5C7DADAD2BA5BD9D00D00E68;
			remoteInfo = PhonePeTest;
		};
/* End PBXContainerItemProxy section */

/* Begin PBXFileReference section */
		5C7DADAE2BA5BD9D00D00E68 /* PhonePeTest.app */ = {isa = PBXFileReference; explicitFileType = wrapper.application; includeInIndex = 0; path = PhonePeTest.app; sourceTree = BUILT_PRODUCTS_DIR; };
		5C7DADB12BA5BD9D00D00E68 /* AppDelegate.swift */ = {isa = PBXFileReference; lastKnownFileType = sourcecode.swift; path = AppDelegate.swift; sourceTree = "<group>"; };
		5C7DADB32BA5BD9D00D00E68 /* SceneDelegate.swift */ = {isa = PBXFileReference; lastKnownFileType = sourcecode.swift; path = SceneDelegate.swift; sourceTree = "<group>"; };
		5C7DADB52BA5BD9D00D00E68 /* HomeViewController.swift */ = {isa = PBXFileReference; lastKnownFileType = sourcecode.swift; path = HomeViewController.swift; sourceTree = "<group>"; };
		5C7DADB82BA5BD9D00D00E68 /* Base */ = {isa = PBXFileReference; lastKnownFileType = file.storyboard; name = Base; path = Base.lproj/Main.storyboard; sourceTree = "<group>"; };
		5C7DADBA2BA5BD9F00D00E68 /* Assets.xcassets */ = {isa = PBXFileReference; lastKnownFileType = folder.assetcatalog; path = Assets.xcassets; sourceTree = "<group>"; };
		5C7DADBD2BA5BD9F00D00E68 /* Base */ = {isa = PBXFileReference; lastKnownFileType = file.storyboard; name = Base; path = Base.lproj/LaunchScreen.storyboard; sourceTree = "<group>"; };
		5C7DADBF2BA5BD9F00D00E68 /* Info.plist */ = {isa = PBXFileReference; lastKnownFileType = text.plist.xml; path = Info.plist; sourceTree = "<group>"; };
		5C7DADC42BA5BDA000D00E68 /* PhonePeTestTests.xctest */ = {isa = PBXFileReference; explicitFileType = wrapper.cfbundle; includeInIndex = 0; path = PhonePeTestTests.xctest; sourceTree = BUILT_PRODUCTS_DIR; };
		5C7DADC82BA5BDA000D00E68 /* PhonePeTestTests.swift */ = {isa = PBXFileReference; lastKnownFileType = sourcecode.swift; path = PhonePeTestTests.swift; sourceTree = "<group>"; };
		5C7DADCE2BA5BDA000D00E68 /* PhonePeTestUITests.xctest */ = {isa = PBXFileReference; explicitFileType = wrapper.cfbundle; includeInIndex = 0; path = PhonePeTestUITests.xctest; sourceTree = BUILT_PRODUCTS_DIR; };
		5C7DADD22BA5BDA000D00E68 /* PhonePeTestUITests.swift */ = {isa = PBXFileReference; lastKnownFileType = sourcecode.swift; path = PhonePeTestUITests.swift; sourceTree = "<group>"; };
		5C7DADD42BA5BDA000D00E68 /* PhonePeTestUITestsLaunchTests.swift */ = {isa = PBXFileReference; lastKnownFileType = sourcecode.swift; path = PhonePeTestUITestsLaunchTests.swift; sourceTree = "<group>"; };
		5C7DADE22BA5BECD00D00E68 /* Stats.swift */ = {isa = PBXFileReference; fileEncoding = 4; lastKnownFileType = sourcecode.swift; path = Stats.swift; sourceTree = "<group>"; };
		5C7DADE32BA5BECD00D00E68 /* Meta.swift */ = {isa = PBXFileReference; fileEncoding = 4; lastKnownFileType = sourcecode.swift; path = Meta.swift; sourceTree = "<group>"; };
		5C7DADE42BA5BECE00D00E68 /* Location.swift */ = {isa = PBXFileReference; fileEncoding = 4; lastKnownFileType = sourcecode.swift; path = Location.swift; sourceTree = "<group>"; };
		5C7DADE52BA5BECE00D00E68 /* Geolocation.swift */ = {isa = PBXFileReference; fileEncoding = 4; lastKnownFileType = sourcecode.swift; path = Geolocation.swift; sourceTree = "<group>"; };
		5C7DADE62BA5BECE00D00E68 /* NearbyHomeResponse.swift */ = {isa = PBXFileReference; fileEncoding = 4; lastKnownFileType = sourcecode.swift; path = NearbyHomeResponse.swift; sourceTree = "<group>"; };
		5C7DADE72BA5BECE00D00E68 /* Venues.swift */ = {isa = PBXFileReference; fileEncoding = 4; lastKnownFileType = sourcecode.swift; path = Venues.swift; sourceTree = "<group>"; };
		5C7DADEE2BA5BFC300D00E68 /* APIService.swift */ = {isa = PBXFileReference; lastKnownFileType = sourcecode.swift; path = APIService.swift; sourceTree = "<group>"; };
		5C7DADF22BA5C2DB00D00E68 /* APIConstants.swift */ = {isa = PBXFileReference; lastKnownFileType = sourcecode.swift; path = APIConstants.swift; sourceTree = "<group>"; };
		5C7DADF62BA5C6EA00D00E68 /* LoaderView.swift */ = {isa = PBXFileReference; lastKnownFileType = sourcecode.swift; path = LoaderView.swift; sourceTree = "<group>"; };
/* End PBXFileReference section */

/* Begin PBXFrameworksBuildPhase section */
		5C7DADAB2BA5BD9D00D00E68 /* Frameworks */ = {
			isa = PBXFrameworksBuildPhase;
			buildActionMask = 2147483647;
			files = (
				5C7DADFA2BA5C81E00D00E68 /* SnapKit in Frameworks */,
			);
			runOnlyForDeploymentPostprocessing = 0;
		};
		5C7DADC12BA5BDA000D00E68 /* Frameworks */ = {
			isa = PBXFrameworksBuildPhase;
			buildActionMask = 2147483647;
			files = (
			);
			runOnlyForDeploymentPostprocessing = 0;
		};
		5C7DADCB2BA5BDA000D00E68 /* Frameworks */ = {
			isa = PBXFrameworksBuildPhase;
			buildActionMask = 2147483647;
			files = (
			);
			runOnlyForDeploymentPostprocessing = 0;
		};
/* End PBXFrameworksBuildPhase section */

/* Begin PBXGroup section */
		5C7DADA52BA5BD9D00D00E68 = {
			isa = PBXGroup;
			children = (
				5C7DADB02BA5BD9D00D00E68 /* PhonePeTest */,
				5C7DADC72BA5BDA000D00E68 /* PhonePeTestTests */,
				5C7DADD12BA5BDA000D00E68 /* PhonePeTestUITests */,
				5C7DADAF2BA5BD9D00D00E68 /* Products */,
			);
			sourceTree = "<group>";
		};
		5C7DADAF2BA5BD9D00D00E68 /* Products */ = {
			isa = PBXGroup;
			children = (
				5C7DADAE2BA5BD9D00D00E68 /* PhonePeTest.app */,
				5C7DADC42BA5BDA000D00E68 /* PhonePeTestTests.xctest */,
				5C7DADCE2BA5BDA000D00E68 /* PhonePeTestUITests.xctest */,
			);
			name = Products;
			sourceTree = "<group>";
		};
		5C7DADB02BA5BD9D00D00E68 /* PhonePeTest */ = {
			isa = PBXGroup;
			children = (
				5C7DADF52BA5C6DD00D00E68 /* Components */,
				5C7DADF42BA5C6CE00D00E68 /* HomeScreen */,
				5C7DADF12BA5C2D000D00E68 /* Constants */,
				5C7DADE12BA5BE1500D00E68 /* Service */,
				5C7DADB12BA5BD9D00D00E68 /* AppDelegate.swift */,
				5C7DADB32BA5BD9D00D00E68 /* SceneDelegate.swift */,
				5C7DADBA2BA5BD9F00D00E68 /* Assets.xcassets */,
				5C7DADBC2BA5BD9F00D00E68 /* LaunchScreen.storyboard */,
				5C7DADBF2BA5BD9F00D00E68 /* Info.plist */,
			);
			path = PhonePeTest;
			sourceTree = "<group>";
		};
		5C7DADC72BA5BDA000D00E68 /* PhonePeTestTests */ = {
			isa = PBXGroup;
			children = (
				5C7DADC82BA5BDA000D00E68 /* PhonePeTestTests.swift */,
			);
			path = PhonePeTestTests;
			sourceTree = "<group>";
		};
		5C7DADD12BA5BDA000D00E68 /* PhonePeTestUITests */ = {
			isa = PBXGroup;
			children = (
				5C7DADD22BA5BDA000D00E68 /* PhonePeTestUITests.swift */,
				5C7DADD42BA5BDA000D00E68 /* PhonePeTestUITestsLaunchTests.swift */,
			);
			path = PhonePeTestUITests;
			sourceTree = "<group>";
		};
		5C7DADE12BA5BE1500D00E68 /* Service */ = {
			isa = PBXGroup;
			children = (
				5C7DADF02BA5BFD000D00E68 /* GeneratedModels */,
				5C7DADEE2BA5BFC300D00E68 /* APIService.swift */,
			);
			path = Service;
			sourceTree = "<group>";
		};
		5C7DADF02BA5BFD000D00E68 /* GeneratedModels */ = {
			isa = PBXGroup;
			children = (
				5C7DADE52BA5BECE00D00E68 /* Geolocation.swift */,
				5C7DADE62BA5BECE00D00E68 /* NearbyHomeResponse.swift */,
				5C7DADE42BA5BECE00D00E68 /* Location.swift */,
				5C7DADE32BA5BECD00D00E68 /* Meta.swift */,
				5C7DADE22BA5BECD00D00E68 /* Stats.swift */,
				5C7DADE72BA5BECE00D00E68 /* Venues.swift */,
			);
			path = GeneratedModels;
			sourceTree = "<group>";
		};
		5C7DADF12BA5C2D000D00E68 /* Constants */ = {
			isa = PBXGroup;
			children = (
				5C7DADF22BA5C2DB00D00E68 /* APIConstants.swift */,
			);
			path = Constants;
			sourceTree = "<group>";
		};
		5C7DADF42BA5C6CE00D00E68 /* HomeScreen */ = {
			isa = PBXGroup;
			children = (
				5C7DADB52BA5BD9D00D00E68 /* HomeViewController.swift */,
				5C7DADB72BA5BD9D00D00E68 /* Main.storyboard */,
			);
			path = HomeScreen;
			sourceTree = "<group>";
		};
		5C7DADF52BA5C6DD00D00E68 /* Components */ = {
			isa = PBXGroup;
			children = (
				5C7DADF62BA5C6EA00D00E68 /* LoaderView.swift */,
			);
			path = Components;
			sourceTree = "<group>";
		};
/* End PBXGroup section */

/* Begin PBXNativeTarget section */
		5C7DADAD2BA5BD9D00D00E68 /* PhonePeTest */ = {
			isa = PBXNativeTarget;
			buildConfigurationList = 5C7DADD82BA5BDA000D00E68 /* Build configuration list for PBXNativeTarget "PhonePeTest" */;
			buildPhases = (
				5C7DADAA2BA5BD9D00D00E68 /* Sources */,
				5C7DADAB2BA5BD9D00D00E68 /* Frameworks */,
				5C7DADAC2BA5BD9D00D00E68 /* Resources */,
			);
			buildRules = (
			);
			dependencies = (
			);
			name = PhonePeTest;
			packageProductDependencies = (
				5C7DADF92BA5C81E00D00E68 /* SnapKit */,
			);
			productName = PhonePeTest;
			productReference = 5C7DADAE2BA5BD9D00D00E68 /* PhonePeTest.app */;
			productType = "com.apple.product-type.application";
		};
		5C7DADC32BA5BDA000D00E68 /* PhonePeTestTests */ = {
			isa = PBXNativeTarget;
			buildConfigurationList = 5C7DADDB2BA5BDA000D00E68 /* Build configuration list for PBXNativeTarget "PhonePeTestTests" */;
			buildPhases = (
				5C7DADC02BA5BDA000D00E68 /* Sources */,
				5C7DADC12BA5BDA000D00E68 /* Frameworks */,
				5C7DADC22BA5BDA000D00E68 /* Resources */,
			);
			buildRules = (
			);
			dependencies = (
				5C7DADC62BA5BDA000D00E68 /* PBXTargetDependency */,
			);
			name = PhonePeTestTests;
			productName = PhonePeTestTests;
			productReference = 5C7DADC42BA5BDA000D00E68 /* PhonePeTestTests.xctest */;
			productType = "com.apple.product-type.bundle.unit-test";
		};
		5C7DADCD2BA5BDA000D00E68 /* PhonePeTestUITests */ = {
			isa = PBXNativeTarget;
			buildConfigurationList = 5C7DADDE2BA5BDA000D00E68 /* Build configuration list for PBXNativeTarget "PhonePeTestUITests" */;
			buildPhases = (
				5C7DADCA2BA5BDA000D00E68 /* Sources */,
				5C7DADCB2BA5BDA000D00E68 /* Frameworks */,
				5C7DADCC2BA5BDA000D00E68 /* Resources */,
			);
			buildRules = (
			);
			dependencies = (
				5C7DADD02BA5BDA000D00E68 /* PBXTargetDependency */,
			);
			name = PhonePeTestUITests;
			productName = PhonePeTestUITests;
			productReference = 5C7DADCE2BA5BDA000D00E68 /* PhonePeTestUITests.xctest */;
			productType = "com.apple.product-type.bundle.ui-testing";
		};
/* End PBXNativeTarget section */

/* Begin PBXProject section */
		5C7DADA62BA5BD9D00D00E68 /* Project object */ = {
			isa = PBXProject;
			attributes = {
				BuildIndependentTargetsInParallel = 1;
				LastSwiftUpdateCheck = 1520;
				LastUpgradeCheck = 1520;
				TargetAttributes = {
					5C7DADAD2BA5BD9D00D00E68 = {
						CreatedOnToolsVersion = 15.2;
					};
					5C7DADC32BA5BDA000D00E68 = {
						CreatedOnToolsVersion = 15.2;
						TestTargetID = 5C7DADAD2BA5BD9D00D00E68;
					};
					5C7DADCD2BA5BDA000D00E68 = {
						CreatedOnToolsVersion = 15.2;
						TestTargetID = 5C7DADAD2BA5BD9D00D00E68;
					};
				};
			};
			buildConfigurationList = 5C7DADA92BA5BD9D00D00E68 /* Build configuration list for PBXProject "PhonePeTest" */;
			compatibilityVersion = "Xcode 14.0";
			developmentRegion = en;
			hasScannedForEncodings = 0;
			knownRegions = (
				en,
				Base,
			);
			mainGroup = 5C7DADA52BA5BD9D00D00E68;
			packageReferences = (
				5C7DADF82BA5C81E00D00E68 /* XCRemoteSwiftPackageReference "SnapKit" */,
			);
			productRefGroup = 5C7DADAF2BA5BD9D00D00E68 /* Products */;
			projectDirPath = "";
			projectRoot = "";
			targets = (
				5C7DADAD2BA5BD9D00D00E68 /* PhonePeTest */,
				5C7DADC32BA5BDA000D00E68 /* PhonePeTestTests */,
				5C7DADCD2BA5BDA000D00E68 /* PhonePeTestUITests */,
			);
		};
/* End PBXProject section */

/* Begin PBXResourcesBuildPhase section */
		5C7DADAC2BA5BD9D00D00E68 /* Resources */ = {
			isa = PBXResourcesBuildPhase;
			buildActionMask = 2147483647;
			files = (
				5C7DADBE2BA5BD9F00D00E68 /* LaunchScreen.storyboard in Resources */,
				5C7DADBB2BA5BD9F00D00E68 /* Assets.xcassets in Resources */,
				5C7DADB92BA5BD9D00D00E68 /* Main.storyboard in Resources */,
			);
			runOnlyForDeploymentPostprocessing = 0;
		};
		5C7DADC22BA5BDA000D00E68 /* Resources */ = {
			isa = PBXResourcesBuildPhase;
			buildActionMask = 2147483647;
			files = (
			);
			runOnlyForDeploymentPostprocessing = 0;
		};
		5C7DADCC2BA5BDA000D00E68 /* Resources */ = {
			isa = PBXResourcesBuildPhase;
			buildActionMask = 2147483647;
			files = (
			);
			runOnlyForDeploymentPostprocessing = 0;
		};
/* End PBXResourcesBuildPhase section */

/* Begin PBXSourcesBuildPhase section */
		5C7DADAA2BA5BD9D00D00E68 /* Sources */ = {
			isa = PBXSourcesBuildPhase;
			buildActionMask = 2147483647;
			files = (
				5C7DADB62BA5BD9D00D00E68 /* HomeViewController.swift in Sources */,
				5C7DADF32BA5C2DB00D00E68 /* APIConstants.swift in Sources */,
				5C7DADED2BA5BECE00D00E68 /* Venues.swift in Sources */,
				5C7DADE82BA5BECE00D00E68 /* Stats.swift in Sources */,
				5C7DADEB2BA5BECE00D00E68 /* Geolocation.swift in Sources */,
				5C7DADB22BA5BD9D00D00E68 /* AppDelegate.swift in Sources */,
				5C7DADE92BA5BECE00D00E68 /* Meta.swift in Sources */,
				5C7DADF72BA5C6EA00D00E68 /* LoaderView.swift in Sources */,
				5C7DADEF2BA5BFC300D00E68 /* APIService.swift in Sources */,
				5C7DADEC2BA5BECE00D00E68 /* NearbyHomeResponse.swift in Sources */,
				5C7DADEA2BA5BECE00D00E68 /* Location.swift in Sources */,
				5C7DADB42BA5BD9D00D00E68 /* SceneDelegate.swift in Sources */,
			);
			runOnlyForDeploymentPostprocessing = 0;
		};
		5C7DADC02BA5BDA000D00E68 /* Sources */ = {
			isa = PBXSourcesBuildPhase;
			buildActionMask = 2147483647;
			files = (
				5C7DADC92BA5BDA000D00E68 /* PhonePeTestTests.swift in Sources */,
			);
			runOnlyForDeploymentPostprocessing = 0;
		};
		5C7DADCA2BA5BDA000D00E68 /* Sources */ = {
			isa = PBXSourcesBuildPhase;
			buildActionMask = 2147483647;
			files = (
				5C7DADD52BA5BDA000D00E68 /* PhonePeTestUITestsLaunchTests.swift in Sources */,
				5C7DADD32BA5BDA000D00E68 /* PhonePeTestUITests.swift in Sources */,
			);
			runOnlyForDeploymentPostprocessing = 0;
		};
/* End PBXSourcesBuildPhase section */

/* Begin PBXTargetDependency section */
		5C7DADC62BA5BDA000D00E68 /* PBXTargetDependency */ = {
			isa = PBXTargetDependency;
			target = 5C7DADAD2BA5BD9D00D00E68 /* PhonePeTest */;
			targetProxy = 5C7DADC52BA5BDA000D00E68 /* PBXContainerItemProxy */;
		};
		5C7DADD02BA5BDA000D00E68 /* PBXTargetDependency */ = {
			isa = PBXTargetDependency;
			target = 5C7DADAD2BA5BD9D00D00E68 /* PhonePeTest */;
			targetProxy = 5C7DADCF2BA5BDA000D00E68 /* PBXContainerItemProxy */;
		};
/* End PBXTargetDependency section */

/* Begin PBXVariantGroup section */
		5C7DADB72BA5BD9D00D00E68 /* Main.storyboard */ = {
			isa = PBXVariantGroup;
			children = (
				5C7DADB82BA5BD9D00D00E68 /* Base */,
			);
			name = Main.storyboard;
			sourceTree = "<group>";
		};
		5C7DADBC2BA5BD9F00D00E68 /* LaunchScreen.storyboard */ = {
			isa = PBXVariantGroup;
			children = (
				5C7DADBD2BA5BD9F00D00E68 /* Base */,
			);
			name = LaunchScreen.storyboard;
			sourceTree = "<group>";
		};
/* End PBXVariantGroup section */

/* Begin XCBuildConfiguration section */
		5C7DADD62BA5BDA000D00E68 /* Debug */ = {
			isa = XCBuildConfiguration;
			buildSettings = {
				ALWAYS_SEARCH_USER_PATHS = NO;
				ASSETCATALOG_COMPILER_GENERATE_SWIFT_ASSET_SYMBOL_EXTENSIONS = YES;
				CLANG_ANALYZER_NONNULL = YES;
				CLANG_ANALYZER_NUMBER_OBJECT_CONVERSION = YES_AGGRESSIVE;
				CLANG_CXX_LANGUAGE_STANDARD = "gnu++20";
				CLANG_ENABLE_MODULES = YES;
				CLANG_ENABLE_OBJC_ARC = YES;
				CLANG_ENABLE_OBJC_WEAK = YES;
				CLANG_WARN_BLOCK_CAPTURE_AUTORELEASING = YES;
				CLANG_WARN_BOOL_CONVERSION = YES;
				CLANG_WARN_COMMA = YES;
				CLANG_WARN_CONSTANT_CONVERSION = YES;
				CLANG_WARN_DEPRECATED_OBJC_IMPLEMENTATIONS = YES;
				CLANG_WARN_DIRECT_OBJC_ISA_USAGE = YES_ERROR;
				CLANG_WARN_DOCUMENTATION_COMMENTS = YES;
				CLANG_WARN_EMPTY_BODY = YES;
				CLANG_WARN_ENUM_CONVERSION = YES;
				CLANG_WARN_INFINITE_RECURSION = YES;
				CLANG_WARN_INT_CONVERSION = YES;
				CLANG_WARN_NON_LITERAL_NULL_CONVERSION = YES;
				CLANG_WARN_OBJC_IMPLICIT_RETAIN_SELF = YES;
				CLANG_WARN_OBJC_LITERAL_CONVERSION = YES;
				CLANG_WARN_OBJC_ROOT_CLASS = YES_ERROR;
				CLANG_WARN_QUOTED_INCLUDE_IN_FRAMEWORK_HEADER = YES;
				CLANG_WARN_RANGE_LOOP_ANALYSIS = YES;
				CLANG_WARN_STRICT_PROTOTYPES = YES;
				CLANG_WARN_SUSPICIOUS_MOVE = YES;
				CLANG_WARN_UNGUARDED_AVAILABILITY = YES_AGGRESSIVE;
				CLANG_WARN_UNREACHABLE_CODE = YES;
				CLANG_WARN__DUPLICATE_METHOD_MATCH = YES;
				COPY_PHASE_STRIP = NO;
				DEBUG_INFORMATION_FORMAT = dwarf;
				ENABLE_STRICT_OBJC_MSGSEND = YES;
				ENABLE_TESTABILITY = YES;
				ENABLE_USER_SCRIPT_SANDBOXING = YES;
				GCC_C_LANGUAGE_STANDARD = gnu17;
				GCC_DYNAMIC_NO_PIC = NO;
				GCC_NO_COMMON_BLOCKS = YES;
				GCC_OPTIMIZATION_LEVEL = 0;
				GCC_PREPROCESSOR_DEFINITIONS = (
					"DEBUG=1",
					"$(inherited)",
				);
				GCC_WARN_64_TO_32_BIT_CONVERSION = YES;
				GCC_WARN_ABOUT_RETURN_TYPE = YES_ERROR;
				GCC_WARN_UNDECLARED_SELECTOR = YES;
				GCC_WARN_UNINITIALIZED_AUTOS = YES_AGGRESSIVE;
				GCC_WARN_UNUSED_FUNCTION = YES;
				GCC_WARN_UNUSED_VARIABLE = YES;
				IPHONEOS_DEPLOYMENT_TARGET = 17.2;
				LOCALIZATION_PREFERS_STRING_CATALOGS = YES;
				MTL_ENABLE_DEBUG_INFO = INCLUDE_SOURCE;
				MTL_FAST_MATH = YES;
				ONLY_ACTIVE_ARCH = YES;
				SDKROOT = iphoneos;
				SWIFT_ACTIVE_COMPILATION_CONDITIONS = "DEBUG $(inherited)";
				SWIFT_OPTIMIZATION_LEVEL = "-Onone";
			};
			name = Debug;
		};
		5C7DADD72BA5BDA000D00E68 /* Release */ = {
			isa = XCBuildConfiguration;
			buildSettings = {
				ALWAYS_SEARCH_USER_PATHS = NO;
				ASSETCATALOG_COMPILER_GENERATE_SWIFT_ASSET_SYMBOL_EXTENSIONS = YES;
				CLANG_ANALYZER_NONNULL = YES;
				CLANG_ANALYZER_NUMBER_OBJECT_CONVERSION = YES_AGGRESSIVE;
				CLANG_CXX_LANGUAGE_STANDARD = "gnu++20";
				CLANG_ENABLE_MODULES = YES;
				CLANG_ENABLE_OBJC_ARC = YES;
				CLANG_ENABLE_OBJC_WEAK = YES;
				CLANG_WARN_BLOCK_CAPTURE_AUTORELEASING = YES;
				CLANG_WARN_BOOL_CONVERSION = YES;
				CLANG_WARN_COMMA = YES;
				CLANG_WARN_CONSTANT_CONVERSION = YES;
				CLANG_WARN_DEPRECATED_OBJC_IMPLEMENTATIONS = YES;
				CLANG_WARN_DIRECT_OBJC_ISA_USAGE = YES_ERROR;
				CLANG_WARN_DOCUMENTATION_COMMENTS = YES;
				CLANG_WARN_EMPTY_BODY = YES;
				CLANG_WARN_ENUM_CONVERSION = YES;
				CLANG_WARN_INFINITE_RECURSION = YES;
				CLANG_WARN_INT_CONVERSION = YES;
				CLANG_WARN_NON_LITERAL_NULL_CONVERSION = YES;
				CLANG_WARN_OBJC_IMPLICIT_RETAIN_SELF = YES;
				CLANG_WARN_OBJC_LITERAL_CONVERSION = YES;
				CLANG_WARN_OBJC_ROOT_CLASS = YES_ERROR;
				CLANG_WARN_QUOTED_INCLUDE_IN_FRAMEWORK_HEADER = YES;
				CLANG_WARN_RANGE_LOOP_ANALYSIS = YES;
				CLANG_WARN_STRICT_PROTOTYPES = YES;
				CLANG_WARN_SUSPICIOUS_MOVE = YES;
				CLANG_WARN_UNGUARDED_AVAILABILITY = YES_AGGRESSIVE;
				CLANG_WARN_UNREACHABLE_CODE = YES;
				CLANG_WARN__DUPLICATE_METHOD_MATCH = YES;
				COPY_PHASE_STRIP = NO;
				DEBUG_INFORMATION_FORMAT = "dwarf-with-dsym";
				ENABLE_NS_ASSERTIONS = NO;
				ENABLE_STRICT_OBJC_MSGSEND = YES;
				ENABLE_USER_SCRIPT_SANDBOXING = YES;
				GCC_C_LANGUAGE_STANDARD = gnu17;
				GCC_NO_COMMON_BLOCKS = YES;
				GCC_WARN_64_TO_32_BIT_CONVERSION = YES;
				GCC_WARN_ABOUT_RETURN_TYPE = YES_ERROR;
				GCC_WARN_UNDECLARED_SELECTOR = YES;
				GCC_WARN_UNINITIALIZED_AUTOS = YES_AGGRESSIVE;
				GCC_WARN_UNUSED_FUNCTION = YES;
				GCC_WARN_UNUSED_VARIABLE = YES;
				IPHONEOS_DEPLOYMENT_TARGET = 17.2;
				LOCALIZATION_PREFERS_STRING_CATALOGS = YES;
				MTL_ENABLE_DEBUG_INFO = NO;
				MTL_FAST_MATH = YES;
				SDKROOT = iphoneos;
				SWIFT_COMPILATION_MODE = wholemodule;
				VALIDATE_PRODUCT = YES;
			};
			name = Release;
		};
		5C7DADD92BA5BDA000D00E68 /* Debug */ = {
			isa = XCBuildConfiguration;
			buildSettings = {
				ASSETCATALOG_COMPILER_APPICON_NAME = AppIcon;
				ASSETCATALOG_COMPILER_GLOBAL_ACCENT_COLOR_NAME = AccentColor;
				CODE_SIGN_STYLE = Automatic;
				CURRENT_PROJECT_VERSION = 1;
				DEVELOPMENT_TEAM = 8WYR9P23YV;
				GENERATE_INFOPLIST_FILE = YES;
				INFOPLIST_FILE = PhonePeTest/Info.plist;
				INFOPLIST_KEY_UIApplicationSupportsIndirectInputEvents = YES;
				INFOPLIST_KEY_UILaunchStoryboardName = LaunchScreen;
				INFOPLIST_KEY_UIMainStoryboardFile = Main;
				INFOPLIST_KEY_UISupportedInterfaceOrientations_iPad = "UIInterfaceOrientationPortrait UIInterfaceOrientationPortraitUpsideDown UIInterfaceOrientationLandscapeLeft UIInterfaceOrientationLandscapeRight";
				INFOPLIST_KEY_UISupportedInterfaceOrientations_iPhone = "UIInterfaceOrientationPortrait UIInterfaceOrientationLandscapeLeft UIInterfaceOrientationLandscapeRight";
				LD_RUNPATH_SEARCH_PATHS = (
					"$(inherited)",
					"@executable_path/Frameworks",
				);
				MARKETING_VERSION = 1.0;
				PRODUCT_BUNDLE_IDENTIFIER = Projects.PhonePeTest;
				PRODUCT_NAME = "$(TARGET_NAME)";
				SWIFT_EMIT_LOC_STRINGS = YES;
				SWIFT_VERSION = 5.0;
				TARGETED_DEVICE_FAMILY = "1,2";
			};
			name = Debug;
		};
		5C7DADDA2BA5BDA000D00E68 /* Release */ = {
			isa = XCBuildConfiguration;
			buildSettings = {
				ASSETCATALOG_COMPILER_APPICON_NAME = AppIcon;
				ASSETCATALOG_COMPILER_GLOBAL_ACCENT_COLOR_NAME = AccentColor;
				CODE_SIGN_STYLE = Automatic;
				CURRENT_PROJECT_VERSION = 1;
				DEVELOPMENT_TEAM = 8WYR9P23YV;
				GENERATE_INFOPLIST_FILE = YES;
				INFOPLIST_FILE = PhonePeTest/Info.plist;
				INFOPLIST_KEY_UIApplicationSupportsIndirectInputEvents = YES;
				INFOPLIST_KEY_UILaunchStoryboardName = LaunchScreen;
				INFOPLIST_KEY_UIMainStoryboardFile = Main;
				INFOPLIST_KEY_UISupportedInterfaceOrientations_iPad = "UIInterfaceOrientationPortrait UIInterfaceOrientationPortraitUpsideDown UIInterfaceOrientationLandscapeLeft UIInterfaceOrientationLandscapeRight";
				INFOPLIST_KEY_UISupportedInterfaceOrientations_iPhone = "UIInterfaceOrientationPortrait UIInterfaceOrientationLandscapeLeft UIInterfaceOrientationLandscapeRight";
				LD_RUNPATH_SEARCH_PATHS = (
					"$(inherited)",
					"@executable_path/Frameworks",
				);
				MARKETING_VERSION = 1.0;
				PRODUCT_BUNDLE_IDENTIFIER = Projects.PhonePeTest;
				PRODUCT_NAME = "$(TARGET_NAME)";
				SWIFT_EMIT_LOC_STRINGS = YES;
				SWIFT_VERSION = 5.0;
				TARGETED_DEVICE_FAMILY = "1,2";
			};
			name = Release;
		};
		5C7DADDC2BA5BDA000D00E68 /* Debug */ = {
			isa = XCBuildConfiguration;
			buildSettings = {
				ALWAYS_EMBED_SWIFT_STANDARD_LIBRARIES = YES;
				BUNDLE_LOADER = "$(TEST_HOST)";
				CODE_SIGN_STYLE = Automatic;
				CURRENT_PROJECT_VERSION = 1;
				DEVELOPMENT_TEAM = 8WYR9P23YV;
				GENERATE_INFOPLIST_FILE = YES;
				IPHONEOS_DEPLOYMENT_TARGET = 17.2;
				MARKETING_VERSION = 1.0;
				PRODUCT_BUNDLE_IDENTIFIER = Projects.PhonePeTestTests;
				PRODUCT_NAME = "$(TARGET_NAME)";
				SWIFT_EMIT_LOC_STRINGS = NO;
				SWIFT_VERSION = 5.0;
				TARGETED_DEVICE_FAMILY = "1,2";
				TEST_HOST = "$(BUILT_PRODUCTS_DIR)/PhonePeTest.app/$(BUNDLE_EXECUTABLE_FOLDER_PATH)/PhonePeTest";
			};
			name = Debug;
		};
		5C7DADDD2BA5BDA000D00E68 /* Release */ = {
			isa = XCBuildConfiguration;
			buildSettings = {
				ALWAYS_EMBED_SWIFT_STANDARD_LIBRARIES = YES;
				BUNDLE_LOADER = "$(TEST_HOST)";
				CODE_SIGN_STYLE = Automatic;
				CURRENT_PROJECT_VERSION = 1;
				DEVELOPMENT_TEAM = 8WYR9P23YV;
				GENERATE_INFOPLIST_FILE = YES;
				IPHONEOS_DEPLOYMENT_TARGET = 17.2;
				MARKETING_VERSION = 1.0;
				PRODUCT_BUNDLE_IDENTIFIER = Projects.PhonePeTestTests;
				PRODUCT_NAME = "$(TARGET_NAME)";
				SWIFT_EMIT_LOC_STRINGS = NO;
				SWIFT_VERSION = 5.0;
				TARGETED_DEVICE_FAMILY = "1,2";
				TEST_HOST = "$(BUILT_PRODUCTS_DIR)/PhonePeTest.app/$(BUNDLE_EXECUTABLE_FOLDER_PATH)/PhonePeTest";
			};
			name = Release;
		};
		5C7DADDF2BA5BDA000D00E68 /* Debug */ = {
			isa = XCBuildConfiguration;
			buildSettings = {
				ALWAYS_EMBED_SWIFT_STANDARD_LIBRARIES = YES;
				CODE_SIGN_STYLE = Automatic;
				CURRENT_PROJECT_VERSION = 1;
				DEVELOPMENT_TEAM = 8WYR9P23YV;
				GENERATE_INFOPLIST_FILE = YES;
				MARKETING_VERSION = 1.0;
				PRODUCT_BUNDLE_IDENTIFIER = Projects.PhonePeTestUITests;
				PRODUCT_NAME = "$(TARGET_NAME)";
				SWIFT_EMIT_LOC_STRINGS = NO;
				SWIFT_VERSION = 5.0;
				TARGETED_DEVICE_FAMILY = "1,2";
				TEST_TARGET_NAME = PhonePeTest;
			};
			name = Debug;
		};
		5C7DADE02BA5BDA000D00E68 /* Release */ = {
			isa = XCBuildConfiguration;
			buildSettings = {
				ALWAYS_EMBED_SWIFT_STANDARD_LIBRARIES = YES;
				CODE_SIGN_STYLE = Automatic;
				CURRENT_PROJECT_VERSION = 1;
				DEVELOPMENT_TEAM = 8WYR9P23YV;
				GENERATE_INFOPLIST_FILE = YES;
				MARKETING_VERSION = 1.0;
				PRODUCT_BUNDLE_IDENTIFIER = Projects.PhonePeTestUITests;
				PRODUCT_NAME = "$(TARGET_NAME)";
				SWIFT_EMIT_LOC_STRINGS = NO;
				SWIFT_VERSION = 5.0;
				TARGETED_DEVICE_FAMILY = "1,2";
				TEST_TARGET_NAME = PhonePeTest;
			};
			name = Release;
		};
/* End XCBuildConfiguration section */

/* Begin XCConfigurationList section */
		5C7DADA92BA5BD9D00D00E68 /* Build configuration list for PBXProject "PhonePeTest" */ = {
			isa = XCConfigurationList;
			buildConfigurations = (
				5C7DADD62BA5BDA000D00E68 /* Debug */,
				5C7DADD72BA5BDA000D00E68 /* Release */,
			);
			defaultConfigurationIsVisible = 0;
			defaultConfigurationName = Release;
		};
		5C7DADD82BA5BDA000D00E68 /* Build configuration list for PBXNativeTarget "PhonePeTest" */ = {
			isa = XCConfigurationList;
			buildConfigurations = (
				5C7DADD92BA5BDA000D00E68 /* Debug */,
				5C7DADDA2BA5BDA000D00E68 /* Release */,
			);
			defaultConfigurationIsVisible = 0;
			defaultConfigurationName = Release;
		};
		5C7DADDB2BA5BDA000D00E68 /* Build configuration list for PBXNativeTarget "PhonePeTestTests" */ = {
			isa = XCConfigurationList;
			buildConfigurations = (
				5C7DADDC2BA5BDA000D00E68 /* Debug */,
				5C7DADDD2BA5BDA000D00E68 /* Release */,
			);
			defaultConfigurationIsVisible = 0;
			defaultConfigurationName = Release;
		};
		5C7DADDE2BA5BDA000D00E68 /* Build configuration list for PBXNativeTarget "PhonePeTestUITests" */ = {
			isa = XCConfigurationList;
			buildConfigurations = (
				5C7DADDF2BA5BDA000D00E68 /* Debug */,
				5C7DADE02BA5BDA000D00E68 /* Release */,
			);
			defaultConfigurationIsVisible = 0;
			defaultConfigurationName = Release;
		};
/* End XCConfigurationList section */

/* Begin XCRemoteSwiftPackageReference section */
		5C7DADF82BA5C81E00D00E68 /* XCRemoteSwiftPackageReference "SnapKit" */ = {
			isa = XCRemoteSwiftPackageReference;
			repositoryURL = "https://github.com/SnapKit/SnapKit.git";
			requirement = {
				kind = upToNextMajorVersion;
				minimumVersion = 5.7.1;
			};
		};
/* End XCRemoteSwiftPackageReference section */

/* Begin XCSwiftPackageProductDependency section */
		5C7DADF92BA5C81E00D00E68 /* SnapKit */ = {
			isa = XCSwiftPackageProductDependency;
			package = 5C7DADF82BA5C81E00D00E68 /* XCRemoteSwiftPackageReference "SnapKit" */;
			productName = SnapKit;
		};
/* End XCSwiftPackageProductDependency section */
	};
	rootObject = 5C7DADA62BA5BD9D00D00E68 /* Project object */;
}
